
Microsoft Visual Studio Solution File, Format Version 12.00
# Visual Studio 2012
Project("{FAE04EC0-301F-11D3-BF4B-00C04F79EFBC}") = "Finances.Core", "Finances.Core\Finances.Core.csproj", "{BB8793F8-877F-42B0-82EF-0786B2C214EF}"
EndProject
Project("{FAE04EC0-301F-11D3-BF4B-00C04F79EFBC}") = "Finances.UnitTests", "Finances.UnitTests\Finances.UnitTests.csproj", "{810540F3-3726-4674-B97C-7DD6918C9A2F}"
EndProject
Project("{FAE04EC0-301F-11D3-BF4B-00C04F79EFBC}") = "Finances.IntegrationTests", "Finances.IntegrationTests\Finances.IntegrationTests.csproj", "{EAA485C0-EDBA-4E75-AE82-19BDDB4DE63B}"
EndProject
Project("{FAE04EC0-301F-11D3-BF4B-00C04F79EFBC}") = "Finances.Persistence.FNH", "Finances.Persistence.FNH\Finances.Persistence.FNH.csproj", "{C32D7189-FE4D-4335-8EE1-6CB4E9C0C8E8}"
EndProject
Project("{FAE04EC0-301F-11D3-BF4B-00C04F79EFBC}") = "Finances.Debug", "Finances.Debug\Finances.Debug.csproj", "{3A51B2E2-6848-4DBD-A1F2-70F0CB512600}"
EndProject
Project("{FAE04EC0-301F-11D3-BF4B-00C04F79EFBC}") = "Finances.WinClient", "Finances.WinClient\Finances.WinClient.csproj", "{D481ADF1-4007-40D7-9E05-2DAAF3D89D90}"
EndProject
Project("{FAE04EC0-301F-11D3-BF4B-00C04F79EFBC}") = "Finances.Core.Wpf", "Finances.Core.Wpf\Finances.Core.Wpf.csproj", "{F6CCDAE2-FFED-4016-95D2-6817230C3519}"
EndProject
Project("{FAE04EC0-301F-11D3-BF4B-00C04F79EFBC}") = "Finances.UnitTests.MS", "Finances.UnitTests.MS\Finances.UnitTests.MS.csproj", "{377D0637-9A91-4913-B480-276B9E2DEDD0}"
EndProject
Global
	GlobalSection(SolutionConfigurationPlatforms) = preSolution
		Debug|Any CPU = Debug|Any CPU
		Release|Any CPU = Release|Any CPU
	EndGlobalSection
	GlobalSection(ProjectConfigurationPlatforms) = postSolution
		{BB8793F8-877F-42B0-82EF-0786B2C214EF}.Debug|Any CPU.ActiveCfg = Debug|Any CPU
		{BB8793F8-877F-42B0-82EF-0786B2C214EF}.Debug|Any CPU.Build.0 = Debug|Any CPU
		{BB8793F8-877F-42B0-82EF-0786B2C214EF}.Release|Any CPU.ActiveCfg = Release|Any CPU
		{BB8793F8-877F-42B0-82EF-0786B2C214EF}.Release|Any CPU.Build.0 = Release|Any CPU
		{810540F3-3726-4674-B97C-7DD6918C9A2F}.Debug|Any CPU.ActiveCfg = Debug|Any CPU
		{810540F3-3726-4674-B97C-7DD6918C9A2F}.Debug|Any CPU.Build.0 = Debug|Any CPU
		{810540F3-3726-4674-B97C-7DD6918C9A2F}.Release|Any CPU.ActiveCfg = Release|Any CPU
		{810540F3-3726-4674-B97C-7DD6918C9A2F}.Release|Any CPU.Build.0 = Release|Any CPU
		{EAA485C0-EDBA-4E75-AE82-19BDDB4DE63B}.Debug|Any CPU.ActiveCfg = Debug|Any CPU
		{EAA485C0-EDBA-4E75-AE82-19BDDB4DE63B}.Debug|Any CPU.Build.0 = Debug|Any CPU
		{EAA485C0-EDBA-4E75-AE82-19BDDB4DE63B}.Release|Any CPU.ActiveCfg = Release|Any CPU
		{EAA485C0-EDBA-4E75-AE82-19BDDB4DE63B}.Release|Any CPU.Build.0 = Release|Any CPU
		{C32D7189-FE4D-4335-8EE1-6CB4E9C0C8E8}.Debug|Any CPU.ActiveCfg = Debug|Any CPU
		{C32D7189-FE4D-4335-8EE1-6CB4E9C0C8E8}.Debug|Any CPU.Build.0 = Debug|Any CPU
		{C32D7189-FE4D-4335-8EE1-6CB4E9C0C8E8}.Release|Any CPU.ActiveCfg = Release|Any CPU
		{C32D7189-FE4D-4335-8EE1-6CB4E9C0C8E8}.Release|Any CPU.Build.0 = Release|Any CPU
		{3A51B2E2-6848-4DBD-A1F2-70F0CB512600}.Debug|Any CPU.ActiveCfg = Debug|Any CPU
		{3A51B2E2-6848-4DBD-A1F2-70F0CB512600}.Debug|Any CPU.Build.0 = Debug|Any CPU
		{3A51B2E2-6848-4DBD-A1F2-70F0CB512600}.Release|Any CPU.ActiveCfg = Release|Any CPU
		{3A51B2E2-6848-4DBD-A1F2-70F0CB512600}.Release|Any CPU.Build.0 = Release|Any CPU
		{D481ADF1-4007-40D7-9E05-2DAAF3D89D90}.Debug|Any CPU.ActiveCfg = Debug|Any CPU
		{D481ADF1-4007-40D7-9E05-2DAAF3D89D90}.Debug|Any CPU.Build.0 = Debug|Any CPU
		{D481ADF1-4007-40D7-9E05-2DAAF3D89D90}.Release|Any CPU.ActiveCfg = Release|Any CPU
		{D481ADF1-4007-40D7-9E05-2DAAF3D89D90}.Release|Any CPU.Build.0 = Release|Any CPU
		{F6CCDAE2-FFED-4016-95D2-6817230C3519}.Debug|Any CPU.ActiveCfg = Debug|Any CPU
		{F6CCDAE2-FFED-4016-95D2-6817230C3519}.Debug|Any CPU.Build.0 = Debug|Any CPU
		{F6CCDAE2-FFED-4016-95D2-6817230C3519}.Release|Any CPU.ActiveCfg = Release|Any CPU
		{F6CCDAE2-FFED-4016-95D2-6817230C3519}.Release|Any CPU.Build.0 = Release|Any CPU
		{377D0637-9A91-4913-B480-276B9E2DEDD0}.Debug|Any CPU.ActiveCfg = Debug|Any CPU
		{377D0637-9A91-4913-B480-276B9E2DEDD0}.Debug|Any CPU.Build.0 = Debug|Any CPU
		{377D0637-9A91-4913-B480-276B9E2DEDD0}.Release|Any CPU.ActiveCfg = Release|Any CPU
		{377D0637-9A91-4913-B480-276B9E2DEDD0}.Release|Any CPU.Build.0 = Release|Any CPU
	EndGlobalSection
	GlobalSection(SolutionProperties) = preSolution
		HideSolutionNode = FALSE
	EndGlobalSection
	GlobalSection(Performance) = preSolution
		HasPerformanceSessions = true
	EndGlobalSection
EndGlobal
