
Microsoft Visual Studio Solution File, Format Version 12.00
# Visual Studio 14
VisualStudioVersion = 14.0.23107.0
MinimumVisualStudioVersion = 10.0.40219.1
Project("{FAE04EC0-301F-11D3-BF4B-00C04F79EFBC}") = "Finances.Core", "Finances.Core\Finances.Core.csproj", "{BB8793F8-877F-42B0-82EF-0786B2C214EF}"
EndProject
Project("{FAE04EC0-301F-11D3-BF4B-00C04F79EFBC}") = "Finances.Debug", "Finances.Debug\Finances.Debug.csproj", "{3A51B2E2-6848-4DBD-A1F2-70F0CB512600}"
EndProject
Project("{FAE04EC0-301F-11D3-BF4B-00C04F79EFBC}") = "Finances.WinClient", "Finances.WinClient\Finances.WinClient.csproj", "{D481ADF1-4007-40D7-9E05-2DAAF3D89D90}"
EndProject
Project("{FAE04EC0-301F-11D3-BF4B-00C04F79EFBC}") = "Finances.Core.Wpf", "Finances.Core.Wpf\Finances.Core.Wpf.csproj", "{F6CCDAE2-FFED-4016-95D2-6817230C3519}"
EndProject
Project("{FAE04EC0-301F-11D3-BF4B-00C04F79EFBC}") = "Finances.UnitTests.MS", "Finances.UnitTests.MS\Finances.UnitTests.MS.csproj", "{377D0637-9A91-4913-B480-276B9E2DEDD0}"
EndProject
Project("{FAE04EC0-301F-11D3-BF4B-00C04F79EFBC}") = "Finances.Persistence.EF", "Finances.Persistence.EF\Finances.Persistence.EF.csproj", "{8BBA6FAA-E9DB-4016-8AF2-1466A7A751A0}"
EndProject
Project("{FAE04EC0-301F-11D3-BF4B-00C04F79EFBC}") = "Finances.IntegrationTests.MS", "Finances.IntegrationTests.MS\Finances.IntegrationTests.MS.csproj", "{7ECEE40F-ECAA-4A43-884D-9ADB749CCDB8}"
EndProject
Project("{00D1A9C2-B5F0-4AF3-8072-F6C62B433612}") = "Finances.Database", "Finances.Database\Finances.Database.sqlproj", "{8891AE26-F614-493C-B4F7-EDBC33C1805C}"
EndProject
Project("{FAE04EC0-301F-11D3-BF4B-00C04F79EFBC}") = "Finances.SQL", "Finances.SQL\Finances.SQL.csproj", "{F48B4011-BC99-48FD-9173-0E6851DF46FC}"
EndProject
Project("{FAE04EC0-301F-11D3-BF4B-00C04F79EFBC}") = "Finances.Service", "Finances.Service\Finances.Service.csproj", "{96EAAEBB-E7FF-4E57-88CE-195A404D9348}"
EndProject
Project("{FAE04EC0-301F-11D3-BF4B-00C04F79EFBC}") = "Finances.Interface", "Finances.Interface\Finances.Interface.csproj", "{482C90A7-4E96-4F46-8D51-93E902C265D0}"
EndProject
Project("{FAE04EC0-301F-11D3-BF4B-00C04F79EFBC}") = "Finances.Core.UnitTest", "Finances.Core.UnitTest\Finances.Core.UnitTest.csproj", "{EF0847FC-3BED-4F9C-A278-766EBB2D994E}"
EndProject
Global
	GlobalSection(SolutionConfigurationPlatforms) = preSolution
		Debug|Any CPU = Debug|Any CPU
		Release|Any CPU = Release|Any CPU
	EndGlobalSection
	GlobalSection(ProjectConfigurationPlatforms) = postSolution
		{BB8793F8-877F-42B0-82EF-0786B2C214EF}.Debug|Any CPU.ActiveCfg = Debug|Any CPU
		{BB8793F8-877F-42B0-82EF-0786B2C214EF}.Debug|Any CPU.Build.0 = Debug|Any CPU
		{BB8793F8-877F-42B0-82EF-0786B2C214EF}.Release|Any CPU.ActiveCfg = Release|Any CPU
		{BB8793F8-877F-42B0-82EF-0786B2C214EF}.Release|Any CPU.Build.0 = Release|Any CPU
		{3A51B2E2-6848-4DBD-A1F2-70F0CB512600}.Debug|Any CPU.ActiveCfg = Debug|Any CPU
		{3A51B2E2-6848-4DBD-A1F2-70F0CB512600}.Debug|Any CPU.Build.0 = Debug|Any CPU
		{3A51B2E2-6848-4DBD-A1F2-70F0CB512600}.Release|Any CPU.ActiveCfg = Release|Any CPU
		{3A51B2E2-6848-4DBD-A1F2-70F0CB512600}.Release|Any CPU.Build.0 = Release|Any CPU
		{D481ADF1-4007-40D7-9E05-2DAAF3D89D90}.Debug|Any CPU.ActiveCfg = Debug|Any CPU
		{D481ADF1-4007-40D7-9E05-2DAAF3D89D90}.Debug|Any CPU.Build.0 = Debug|Any CPU
		{D481ADF1-4007-40D7-9E05-2DAAF3D89D90}.Release|Any CPU.ActiveCfg = Release|Any CPU
		{D481ADF1-4007-40D7-9E05-2DAAF3D89D90}.Release|Any CPU.Build.0 = Release|Any CPU
		{F6CCDAE2-FFED-4016-95D2-6817230C3519}.Debug|Any CPU.ActiveCfg = Debug|Any CPU
		{F6CCDAE2-FFED-4016-95D2-6817230C3519}.Debug|Any CPU.Build.0 = Debug|Any CPU
		{F6CCDAE2-FFED-4016-95D2-6817230C3519}.Release|Any CPU.ActiveCfg = Release|Any CPU
		{F6CCDAE2-FFED-4016-95D2-6817230C3519}.Release|Any CPU.Build.0 = Release|Any CPU
		{377D0637-9A91-4913-B480-276B9E2DEDD0}.Debug|Any CPU.ActiveCfg = Debug|Any CPU
		{377D0637-9A91-4913-B480-276B9E2DEDD0}.Debug|Any CPU.Build.0 = Debug|Any CPU
		{377D0637-9A91-4913-B480-276B9E2DEDD0}.Release|Any CPU.ActiveCfg = Release|Any CPU
		{377D0637-9A91-4913-B480-276B9E2DEDD0}.Release|Any CPU.Build.0 = Release|Any CPU
		{8BBA6FAA-E9DB-4016-8AF2-1466A7A751A0}.Debug|Any CPU.ActiveCfg = Debug|Any CPU
		{8BBA6FAA-E9DB-4016-8AF2-1466A7A751A0}.Debug|Any CPU.Build.0 = Debug|Any CPU
		{8BBA6FAA-E9DB-4016-8AF2-1466A7A751A0}.Release|Any CPU.ActiveCfg = Release|Any CPU
		{8BBA6FAA-E9DB-4016-8AF2-1466A7A751A0}.Release|Any CPU.Build.0 = Release|Any CPU
		{7ECEE40F-ECAA-4A43-884D-9ADB749CCDB8}.Debug|Any CPU.ActiveCfg = Debug|Any CPU
		{7ECEE40F-ECAA-4A43-884D-9ADB749CCDB8}.Debug|Any CPU.Build.0 = Debug|Any CPU
		{7ECEE40F-ECAA-4A43-884D-9ADB749CCDB8}.Release|Any CPU.ActiveCfg = Release|Any CPU
		{7ECEE40F-ECAA-4A43-884D-9ADB749CCDB8}.Release|Any CPU.Build.0 = Release|Any CPU
		{8891AE26-F614-493C-B4F7-EDBC33C1805C}.Debug|Any CPU.ActiveCfg = Debug|Any CPU
		{8891AE26-F614-493C-B4F7-EDBC33C1805C}.Debug|Any CPU.Build.0 = Debug|Any CPU
		{8891AE26-F614-493C-B4F7-EDBC33C1805C}.Release|Any CPU.ActiveCfg = Release|Any CPU
		{8891AE26-F614-493C-B4F7-EDBC33C1805C}.Release|Any CPU.Build.0 = Release|Any CPU
		{8891AE26-F614-493C-B4F7-EDBC33C1805C}.Release|Any CPU.Deploy.0 = Release|Any CPU
		{F48B4011-BC99-48FD-9173-0E6851DF46FC}.Debug|Any CPU.ActiveCfg = Debug|Any CPU
		{F48B4011-BC99-48FD-9173-0E6851DF46FC}.Debug|Any CPU.Build.0 = Debug|Any CPU
		{F48B4011-BC99-48FD-9173-0E6851DF46FC}.Release|Any CPU.ActiveCfg = Release|Any CPU
		{F48B4011-BC99-48FD-9173-0E6851DF46FC}.Release|Any CPU.Build.0 = Release|Any CPU
		{96EAAEBB-E7FF-4E57-88CE-195A404D9348}.Debug|Any CPU.ActiveCfg = Debug|Any CPU
		{96EAAEBB-E7FF-4E57-88CE-195A404D9348}.Debug|Any CPU.Build.0 = Debug|Any CPU
		{96EAAEBB-E7FF-4E57-88CE-195A404D9348}.Release|Any CPU.ActiveCfg = Release|Any CPU
		{96EAAEBB-E7FF-4E57-88CE-195A404D9348}.Release|Any CPU.Build.0 = Release|Any CPU
		{482C90A7-4E96-4F46-8D51-93E902C265D0}.Debug|Any CPU.ActiveCfg = Debug|Any CPU
		{482C90A7-4E96-4F46-8D51-93E902C265D0}.Debug|Any CPU.Build.0 = Debug|Any CPU
		{482C90A7-4E96-4F46-8D51-93E902C265D0}.Release|Any CPU.ActiveCfg = Release|Any CPU
		{482C90A7-4E96-4F46-8D51-93E902C265D0}.Release|Any CPU.Build.0 = Release|Any CPU
		{EF0847FC-3BED-4F9C-A278-766EBB2D994E}.Debug|Any CPU.ActiveCfg = Debug|Any CPU
		{EF0847FC-3BED-4F9C-A278-766EBB2D994E}.Debug|Any CPU.Build.0 = Debug|Any CPU
		{EF0847FC-3BED-4F9C-A278-766EBB2D994E}.Release|Any CPU.ActiveCfg = Release|Any CPU
		{EF0847FC-3BED-4F9C-A278-766EBB2D994E}.Release|Any CPU.Build.0 = Release|Any CPU
	EndGlobalSection
	GlobalSection(SolutionProperties) = preSolution
		HideSolutionNode = FALSE
	EndGlobalSection
EndGlobal
